
Microsoft Visual Studio Solution File, Format Version 12.00
# Visual Studio Version 17
VisualStudioVersion = 17.1.32228.430
MinimumVisualStudioVersion = 10.0.40219.1
Project("{9A19103F-16F7-4668-BE54-9A1E7A4F7556}") = "TestDataGeneration", "TestDataGeneration\TestDataGeneration.csproj", "{3B013F73-C18F-482C-BA71-30BEFD7BF5A9}"
EndProject
Project("{9A19103F-16F7-4668-BE54-9A1E7A4F7556}") = "TestDataGeneration.UnitTests", "TestDataGeneration.UnitTests\TestDataGeneration.UnitTests.csproj", "{5B199B6F-CEB2-48C1-8248-BC79CBC64D51}"
EndProject
Project("{9A19103F-16F7-4668-BE54-9A1E7A4F7556}") = "TestDataGeneration.DemoDomain", "TestDataGeneration.DemoDomain\TestDataGeneration.DemoDomain.csproj", "{719A47FD-586C-46C1-9904-0BA7822DDFBB}"
EndProject
Project("{9A19103F-16F7-4668-BE54-9A1E7A4F7556}") = "TestDataGeneration.DemoTests", "TestDataGeneration.DemoTests\TestDataGeneration.DemoTests.csproj", "{7CD5D045-2E84-4A57-8EC4-2D76630F84BC}"
EndProject
Project("{FAE04EC0-301F-11D3-BF4B-00C04F79EFBC}") = "TestDataGeneration.Benchmarks", "TestDataGeneration.Benchmarks\TestDataGeneration.Benchmarks.csproj", "{24BED1AE-1EE2-4265-806A-6E6608F304B2}"
EndProject
Global
	GlobalSection(SolutionConfigurationPlatforms) = preSolution
		Debug|Any CPU = Debug|Any CPU
		Release|Any CPU = Release|Any CPU
	EndGlobalSection
	GlobalSection(ProjectConfigurationPlatforms) = postSolution
		{3B013F73-C18F-482C-BA71-30BEFD7BF5A9}.Debug|Any CPU.ActiveCfg = Debug|Any CPU
		{3B013F73-C18F-482C-BA71-30BEFD7BF5A9}.Debug|Any CPU.Build.0 = Debug|Any CPU
		{3B013F73-C18F-482C-BA71-30BEFD7BF5A9}.Release|Any CPU.ActiveCfg = Release|Any CPU
		{3B013F73-C18F-482C-BA71-30BEFD7BF5A9}.Release|Any CPU.Build.0 = Release|Any CPU
		{5B199B6F-CEB2-48C1-8248-BC79CBC64D51}.Debug|Any CPU.ActiveCfg = Debug|Any CPU
		{5B199B6F-CEB2-48C1-8248-BC79CBC64D51}.Debug|Any CPU.Build.0 = Debug|Any CPU
		{5B199B6F-CEB2-48C1-8248-BC79CBC64D51}.Release|Any CPU.ActiveCfg = Release|Any CPU
		{5B199B6F-CEB2-48C1-8248-BC79CBC64D51}.Release|Any CPU.Build.0 = Release|Any CPU
		{719A47FD-586C-46C1-9904-0BA7822DDFBB}.Debug|Any CPU.ActiveCfg = Debug|Any CPU
		{719A47FD-586C-46C1-9904-0BA7822DDFBB}.Debug|Any CPU.Build.0 = Debug|Any CPU
		{719A47FD-586C-46C1-9904-0BA7822DDFBB}.Release|Any CPU.ActiveCfg = Release|Any CPU
		{719A47FD-586C-46C1-9904-0BA7822DDFBB}.Release|Any CPU.Build.0 = Release|Any CPU
		{7CD5D045-2E84-4A57-8EC4-2D76630F84BC}.Debug|Any CPU.ActiveCfg = Debug|Any CPU
		{7CD5D045-2E84-4A57-8EC4-2D76630F84BC}.Debug|Any CPU.Build.0 = Debug|Any CPU
		{7CD5D045-2E84-4A57-8EC4-2D76630F84BC}.Release|Any CPU.ActiveCfg = Release|Any CPU
		{7CD5D045-2E84-4A57-8EC4-2D76630F84BC}.Release|Any CPU.Build.0 = Release|Any CPU
		{24BED1AE-1EE2-4265-806A-6E6608F304B2}.Debug|Any CPU.ActiveCfg = Debug|Any CPU
		{24BED1AE-1EE2-4265-806A-6E6608F304B2}.Debug|Any CPU.Build.0 = Debug|Any CPU
		{24BED1AE-1EE2-4265-806A-6E6608F304B2}.Release|Any CPU.ActiveCfg = Release|Any CPU
		{24BED1AE-1EE2-4265-806A-6E6608F304B2}.Release|Any CPU.Build.0 = Release|Any CPU
	EndGlobalSection
	GlobalSection(SolutionProperties) = preSolution
		HideSolutionNode = FALSE
	EndGlobalSection
	GlobalSection(ExtensibilityGlobals) = postSolution
		SolutionGuid = {46CAE564-4A2D-4315-9E79-D4F0F14C6BAD}
	EndGlobalSection
EndGlobal
